
Microsoft Visual Studio Solution File, Format Version 12.00
Project("{FAE04EC0-301F-11D3-BF4B-00C04F79EFBC}") = "Web", "Web\Web.csproj", "{8FE8FF6B-2360-4262-BB6C-DD45C91D788B}"
EndProject
Project("{FAE04EC0-301F-11D3-BF4B-00C04F79EFBC}") = "DAL", "DAL\DAL.csproj", "{99ADAA14-3A9B-4DD8-B5D6-743B8C031C6F}"
EndProject
Global
	GlobalSection(SolutionConfigurationPlatforms) = preSolution
		Debug|Any CPU = Debug|Any CPU
		Release|Any CPU = Release|Any CPU
	EndGlobalSection
	GlobalSection(ProjectConfigurationPlatforms) = postSolution
		{8FE8FF6B-2360-4262-BB6C-DD45C91D788B}.Debug|Any CPU.ActiveCfg = Debug|Any CPU
		{8FE8FF6B-2360-4262-BB6C-DD45C91D788B}.Debug|Any CPU.Build.0 = Debug|Any CPU
		{8FE8FF6B-2360-4262-BB6C-DD45C91D788B}.Release|Any CPU.ActiveCfg = Release|Any CPU
		{8FE8FF6B-2360-4262-BB6C-DD45C91D788B}.Release|Any CPU.Build.0 = Release|Any CPU
		{99ADAA14-3A9B-4DD8-B5D6-743B8C031C6F}.Debug|Any CPU.ActiveCfg = Debug|Any CPU
		{99ADAA14-3A9B-4DD8-B5D6-743B8C031C6F}.Debug|Any CPU.Build.0 = Debug|Any CPU
		{99ADAA14-3A9B-4DD8-B5D6-743B8C031C6F}.Release|Any CPU.ActiveCfg = Release|Any CPU
		{99ADAA14-3A9B-4DD8-B5D6-743B8C031C6F}.Release|Any CPU.Build.0 = Release|Any CPU
	EndGlobalSection
EndGlobal
